
Microsoft Visual Studio Solution File, Format Version 12.00
# Visual Studio 15
VisualStudioVersion = 15.0.28010.2019
MinimumVisualStudioVersion = 10.0.40219.1
Project("{FAE04EC0-301F-11D3-BF4B-00C04F79EFBC}") = "Mic.Volo.FormToDo", "Mic.Volo.FormToDo.csproj", "{770D71AF-47B5-4625-8E0B-4FB256B838B9}"
EndProject
Global
	GlobalSection(SolutionConfigurationPlatforms) = preSolution
		Debug|Any CPU = Debug|Any CPU
		Release|Any CPU = Release|Any CPU
	EndGlobalSection
	GlobalSection(ProjectConfigurationPlatforms) = postSolution
		{770D71AF-47B5-4625-8E0B-4FB256B838B9}.Debug|Any CPU.ActiveCfg = Debug|Any CPU
		{770D71AF-47B5-4625-8E0B-4FB256B838B9}.Debug|Any CPU.Build.0 = Debug|Any CPU
		{770D71AF-47B5-4625-8E0B-4FB256B838B9}.Release|Any CPU.ActiveCfg = Release|Any CPU
		{770D71AF-47B5-4625-8E0B-4FB256B838B9}.Release|Any CPU.Build.0 = Release|Any CPU
	EndGlobalSection
	GlobalSection(SolutionProperties) = preSolution
		HideSolutionNode = FALSE
	EndGlobalSection
	GlobalSection(ExtensibilityGlobals) = postSolution
		SolutionGuid = {4A4ED8F1-417E-453F-80B2-7C7E80D59C25}
	EndGlobalSection
EndGlobal
